
Microsoft Visual Studio Solution File, Format Version 12.00
# Visual Studio Version 17
VisualStudioVersion = 17.9.34728.123
MinimumVisualStudioVersion = 10.0.40219.1
Project("{FAE04EC0-301F-11D3-BF4B-00C04F79EFBC}") = "Everestfcsapi", "Everestfcsapi\Everestfcsapi.csproj", "{DF772F91-5FEB-4140-AE3B-F5846D0587D3}"
EndProject
Project("{9A19103F-16F7-4668-BE54-9A1E7A4F7556}") = "DBL", "DBL\DBL.csproj", "{0ECC754A-42E6-4F66-A764-7A22B24FA694}"
EndProject
Global
	GlobalSection(SolutionConfigurationPlatforms) = preSolution
		Debug|Any CPU = Debug|Any CPU
		Release|Any CPU = Release|Any CPU
	EndGlobalSection
	GlobalSection(ProjectConfigurationPlatforms) = postSolution
		{DF772F91-5FEB-4140-AE3B-F5846D0587D3}.Debug|Any CPU.ActiveCfg = Debug|Any CPU
		{DF772F91-5FEB-4140-AE3B-F5846D0587D3}.Debug|Any CPU.Build.0 = Debug|Any CPU
		{DF772F91-5FEB-4140-AE3B-F5846D0587D3}.Release|Any CPU.ActiveCfg = Release|Any CPU
		{DF772F91-5FEB-4140-AE3B-F5846D0587D3}.Release|Any CPU.Build.0 = Release|Any CPU
		{0ECC754A-42E6-4F66-A764-7A22B24FA694}.Debug|Any CPU.ActiveCfg = Debug|Any CPU
		{0ECC754A-42E6-4F66-A764-7A22B24FA694}.Debug|Any CPU.Build.0 = Debug|Any CPU
		{0ECC754A-42E6-4F66-A764-7A22B24FA694}.Release|Any CPU.ActiveCfg = Release|Any CPU
		{0ECC754A-42E6-4F66-A764-7A22B24FA694}.Release|Any CPU.Build.0 = Release|Any CPU
	EndGlobalSection
	GlobalSection(SolutionProperties) = preSolution
		HideSolutionNode = FALSE
	EndGlobalSection
	GlobalSection(ExtensibilityGlobals) = postSolution
		SolutionGuid = {9DFC405A-C42B-4F63-A3D4-AA59271464D9}
	EndGlobalSection
EndGlobal
